
Microsoft Visual Studio Solution File, Format Version 12.00
# Visual Studio Version 17
VisualStudioVersion = 17.5.002.0
MinimumVisualStudioVersion = 10.0.40219.1
Project("{9A19103F-16F7-4668-BE54-9A1E7A4F7556}") = "net-queue-consumer", "net-queue-consumer.csproj", "{A5335CA0-7BC9-4F28-A32C-36BED51BF4DB}"
EndProject
Global
	GlobalSection(SolutionConfigurationPlatforms) = preSolution
		Debug|Any CPU = Debug|Any CPU
		Release|Any CPU = Release|Any CPU
	EndGlobalSection
	GlobalSection(ProjectConfigurationPlatforms) = postSolution
		{A5335CA0-7BC9-4F28-A32C-36BED51BF4DB}.Debug|Any CPU.ActiveCfg = Debug|Any CPU
		{A5335CA0-7BC9-4F28-A32C-36BED51BF4DB}.Debug|Any CPU.Build.0 = Debug|Any CPU
		{A5335CA0-7BC9-4F28-A32C-36BED51BF4DB}.Release|Any CPU.ActiveCfg = Release|Any CPU
		{A5335CA0-7BC9-4F28-A32C-36BED51BF4DB}.Release|Any CPU.Build.0 = Release|Any CPU
	EndGlobalSection
	GlobalSection(SolutionProperties) = preSolution
		HideSolutionNode = FALSE
	EndGlobalSection
	GlobalSection(ExtensibilityGlobals) = postSolution
		SolutionGuid = {884CF9F2-F188-40B0-BBB7-797E110B338D}
	EndGlobalSection
EndGlobal
